// !$*UTF8*$!
{
	archiveVersion = 1;
	classes = {
	};
	objectVersion = 50;
	objects = {

/* Begin PBXBuildFile section */
		D601909020CAF9EF00A2C237 /* AppDelegate.swift in Sources */ = {isa = PBXBuildFile; fileRef = D601908F20CAF9EF00A2C237 /* AppDelegate.swift */; };
		D601909220CAF9EF00A2C237 /* ViewController.swift in Sources */ = {isa = PBXBuildFile; fileRef = D601909120CAF9EF00A2C237 /* ViewController.swift */; };
		D601909520CAF9EF00A2C237 /* Main.storyboard in Resources */ = {isa = PBXBuildFile; fileRef = D601909320CAF9EF00A2C237 /* Main.storyboard */; };
		D601909720CAF9F200A2C237 /* Assets.xcassets in Resources */ = {isa = PBXBuildFile; fileRef = D601909620CAF9F200A2C237 /* Assets.xcassets */; };
		D601909A20CAF9F200A2C237 /* LaunchScreen.storyboard in Resources */ = {isa = PBXBuildFile; fileRef = D601909820CAF9F200A2C237 /* LaunchScreen.storyboard */; };
		D60190A420CAFAB700A2C237 /* fileCreatedByOrigin.swift in Sources */ = {isa = PBXBuildFile; fileRef = D60190A320CAFAB700A2C237 /* fileCreatedByOrigin.swift */; };
		D60190B920CB04C100A2C237 /* fileCreatedByCopy1.swift in Sources */ = {isa = PBXBuildFile; fileRef = D60190B820CB04C100A2C237 /* fileCreatedByCopy1.swift */; };
		D60190BB20CB04DF00A2C237 /* file2CreatedByOrigin.swift in Sources */ = {isa = PBXBuildFile; fileRef = D60190BA20CB04DF00A2C237 /* file2CreatedByOrigin.swift */; };
/* End PBXBuildFile section */

/* Begin PBXFileReference section */
		D601908C20CAF9EF00A2C237 /* mergeUnion.app */ = {isa = PBXFileReference; explicitFileType = wrapper.application; includeInIndex = 0; path = mergeUnion.app; sourceTree = BUILT_PRODUCTS_DIR; };
		D601908F20CAF9EF00A2C237 /* AppDelegate.swift */ = {isa = PBXFileReference; lastKnownFileType = sourcecode.swift; path = AppDelegate.swift; sourceTree = "<group>"; };
		D601909120CAF9EF00A2C237 /* ViewController.swift */ = {isa = PBXFileReference; lastKnownFileType = sourcecode.swift; path = ViewController.swift; sourceTree = "<group>"; };
		D601909420CAF9EF00A2C237 /* Base */ = {isa = PBXFileReference; lastKnownFileType = file.storyboard; name = Base; path = Base.lproj/Main.storyboard; sourceTree = "<group>"; };
		D601909620CAF9F200A2C237 /* Assets.xcassets */ = {isa = PBXFileReference; lastKnownFileType = folder.assetcatalog; path = Assets.xcassets; sourceTree = "<group>"; };
		D601909920CAF9F200A2C237 /* Base */ = {isa = PBXFileReference; lastKnownFileType = file.storyboard; name = Base; path = Base.lproj/LaunchScreen.storyboard; sourceTree = "<group>"; };
		D601909B20CAF9F200A2C237 /* Info.plist */ = {isa = PBXFileReference; lastKnownFileType = text.plist.xml; path = Info.plist; sourceTree = "<group>"; };
		D60190A320CAFAB700A2C237 /* fileCreatedByOrigin.swift */ = {isa = PBXFileReference; lastKnownFileType = sourcecode.swift; path = fileCreatedByOrigin.swift; sourceTree = "<group>"; };
		D60190B820CB04C100A2C237 /* fileCreatedByCopy1.swift */ = {isa = PBXFileReference; lastKnownFileType = sourcecode.swift; path = fileCreatedByCopy1.swift; sourceTree = "<group>"; };
		D60190BA20CB04DF00A2C237 /* file2CreatedByOrigin.swift */ = {isa = PBXFileReference; lastKnownFileType = sourcecode.swift; path = file2CreatedByOrigin.swift; sourceTree = "<group>"; };
/* End PBXFileReference section */

/* Begin PBXFrameworksBuildPhase section */
		D601908920CAF9EF00A2C237 /* Frameworks */ = {
			isa = PBXFrameworksBuildPhase;
			buildActionMask = 2147483647;
			files = (
			);
			runOnlyForDeploymentPostprocessing = 0;
		};
/* End PBXFrameworksBuildPhase section */

/* Begin PBXGroup section */
		D601908320CAF9EF00A2C237 = {
			isa = PBXGroup;
			children = (
				D601908E20CAF9EF00A2C237 /* mergeUnion */,
				D601908D20CAF9EF00A2C237 /* Products */,
			);
			sourceTree = "<group>";
		};
		D601908D20CAF9EF00A2C237 /* Products */ = {
			isa = PBXGroup;
			children = (
				D601908C20CAF9EF00A2C237 /* mergeUnion.app */,
			);
			name = Products;
			sourceTree = "<group>";
		};
		D601908E20CAF9EF00A2C237 /* mergeUnion */ = {
			isa = PBXGroup;
			children = (
				D601908F20CAF9EF00A2C237 /* AppDelegate.swift */,
				D601909120CAF9EF00A2C237 /* ViewController.swift */,
				D601909320CAF9EF00A2C237 /* Main.storyboard */,
				D601909620CAF9F200A2C237 /* Assets.xcassets */,
				D601909820CAF9F200A2C237 /* LaunchScreen.storyboard */,
				D601909B20CAF9F200A2C237 /* Info.plist */,
				D60190A320CAFAB700A2C237 /* fileCreatedByOrigin.swift */,
				D60190B820CB04C100A2C237 /* fileCreatedByCopy1.swift */,
				D60190BA20CB04DF00A2C237 /* file2CreatedByOrigin.swift */,
			);
			path = mergeUnion;
			sourceTree = "<group>";
		};
/* End PBXGroup section */

/* Begin PBXNativeTarget section */
		D601908B20CAF9EF00A2C237 /* mergeUnion */ = {
			isa = PBXNativeTarget;
			buildConfigurationList = D601909E20CAF9F200A2C237 /* Build configuration list for PBXNativeTarget "mergeUnion" */;
			buildPhases = (
				D601908820CAF9EF00A2C237 /* Sources */,
				D601908920CAF9EF00A2C237 /* Frameworks */,
				D601908A20CAF9EF00A2C237 /* Resources */,
			);
			buildRules = (
			);
			dependencies = (
			);
			name = mergeUnion;
			productName = mergeUnion;
			productReference = D601908C20CAF9EF00A2C237 /* mergeUnion.app */;
			productType = "com.apple.product-type.application";
		};
/* End PBXNativeTarget section */

/* Begin PBXProject section */
		D601908420CAF9EF00A2C237 /* Project object */ = {
			isa = PBXProject;
			attributes = {
				LastSwiftUpdateCheck = 0940;
				LastUpgradeCheck = 0940;
				ORGANIZATIONNAME = HypeVR;
				TargetAttributes = {
					D601908B20CAF9EF00A2C237 = {
						CreatedOnToolsVersion = 9.4;
					};
				};
			};
			buildConfigurationList = D601908720CAF9EF00A2C237 /* Build configuration list for PBXProject "mergeUnion" */;
			compatibilityVersion = "Xcode 9.3";
			developmentRegion = en;
			hasScannedForEncodings = 0;
			knownRegions = (
				en,
				Base,
			);
			mainGroup = D601908320CAF9EF00A2C237;
			productRefGroup = D601908D20CAF9EF00A2C237 /* Products */;
			projectDirPath = "";
			projectRoot = "";
			targets = (
				D601908B20CAF9EF00A2C237 /* mergeUnion */,
			);
		};
/* End PBXProject section */

/* Begin PBXResourcesBuildPhase section */
		D601908A20CAF9EF00A2C237 /* Resources */ = {
			isa = PBXResourcesBuildPhase;
			buildActionMask = 2147483647;
			files = (
				D601909A20CAF9F200A2C237 /* LaunchScreen.storyboard in Resources */,
				D601909720CAF9F200A2C237 /* Assets.xcassets in Resources */,
				D601909520CAF9EF00A2C237 /* Main.storyboard in Resources */,
			);
			runOnlyForDeploymentPostprocessing = 0;
		};
/* End PBXResourcesBuildPhase section */

/* Begin PBXSourcesBuildPhase section */
		D601908820CAF9EF00A2C237 /* Sources */ = {
			isa = PBXSourcesBuildPhase;
			buildActionMask = 2147483647;
			files = (
				D601909220CAF9EF00A2C237 /* ViewController.swift in Sources */,
				D601909020CAF9EF00A2C237 /* AppDelegate.swift in Sources */,
				D60190B920CB04C100A2C237 /* fileCreatedByCopy1.swift in Sources */,
				D60190BB20CB04DF00A2C237 /* file2CreatedByOrigin.swift in Sources */,
				D60190A420CAFAB700A2C237 /* fileCreatedByOrigin.swift in Sources */,
			);
			runOnlyForDeploymentPostprocessing = 0;
		};
/* End PBXSourcesBuildPhase section */

/* Begin PBXVariantGroup section */
		D601909320CAF9EF00A2C237 /* Main.storyboard */ = {
			isa = PBXVariantGroup;
			children = (
				D601909420CAF9EF00A2C237 /* Base */,
			);
			name = Main.storyboard;
			sourceTree = "<group>";
		};
		D601909820CAF9F200A2C237 /* LaunchScreen.storyboard */ = {
			isa = PBXVariantGroup;
			children = (
				D601909920CAF9F200A2C237 /* Base */,
			);
			name = LaunchScreen.storyboard;
			sourceTree = "<group>";
		};
/* End PBXVariantGroup section */

/* Begin XCBuildConfiguration section */
		D601909C20CAF9F200A2C237 /* Debug */ = {
			isa = XCBuildConfiguration;
			buildSettings = {
				ALWAYS_SEARCH_USER_PATHS = NO;
				CLANG_ANALYZER_NONNULL = YES;
				CLANG_ANALYZER_NUMBER_OBJECT_CONVERSION = YES_AGGRESSIVE;
				CLANG_CXX_LANGUAGE_STANDARD = "gnu++14";
				CLANG_CXX_LIBRARY = "libc++";
				CLANG_ENABLE_MODULES = YES;
				CLANG_ENABLE_OBJC_ARC = YES;
				CLANG_ENABLE_OBJC_WEAK = YES;
				CLANG_WARN_BLOCK_CAPTURE_AUTORELEASING = YES;
				CLANG_WARN_BOOL_CONVERSION = YES;
				CLANG_WARN_COMMA = YES;
				CLANG_WARN_CONSTANT_CONVERSION = YES;
				CLANG_WARN_DEPRECATED_OBJC_IMPLEMENTATIONS = YES;
				CLANG_WARN_DIRECT_OBJC_ISA_USAGE = YES_ERROR;
				CLANG_WARN_DOCUMENTATION_COMMENTS = YES;
				CLANG_WARN_EMPTY_BODY = YES;
				CLANG_WARN_ENUM_CONVERSION = YES;
				CLANG_WARN_INFINITE_RECURSION = YES;
				CLANG_WARN_INT_CONVERSION = YES;
				CLANG_WARN_NON_LITERAL_NULL_CONVERSION = YES;
				CLANG_WARN_OBJC_IMPLICIT_RETAIN_SELF = YES;
				CLANG_WARN_OBJC_LITERAL_CONVERSION = YES;
				CLANG_WARN_OBJC_ROOT_CLASS = YES_ERROR;
				CLANG_WARN_RANGE_LOOP_ANALYSIS = YES;
				CLANG_WARN_STRICT_PROTOTYPES = YES;
				CLANG_WARN_SUSPICIOUS_MOVE = YES;
				CLANG_WARN_UNGUARDED_AVAILABILITY = YES_AGGRESSIVE;
				CLANG_WARN_UNREACHABLE_CODE = YES;
				CLANG_WARN__DUPLICATE_METHOD_MATCH = YES;
				CODE_SIGN_IDENTITY = "iPhone Developer";
				COPY_PHASE_STRIP = NO;
				DEBUG_INFORMATION_FORMAT = dwarf;
				ENABLE_STRICT_OBJC_MSGSEND = YES;
				ENABLE_TESTABILITY = YES;
				GCC_C_LANGUAGE_STANDARD = gnu11;
				GCC_DYNAMIC_NO_PIC = NO;
				GCC_NO_COMMON_BLOCKS = YES;
				GCC_OPTIMIZATION_LEVEL = 0;
				GCC_PREPROCESSOR_DEFINITIONS = (
					"DEBUG=1",
					"$(inherited)",
				);
				GCC_WARN_64_TO_32_BIT_CONVERSION = YES;
				GCC_WARN_ABOUT_RETURN_TYPE = YES_ERROR;
				GCC_WARN_UNDECLARED_SELECTOR = YES;
				GCC_WARN_UNINITIALIZED_AUTOS = YES_AGGRESSIVE;
				GCC_WARN_UNUSED_FUNCTION = YES;
				GCC_WARN_UNUSED_VARIABLE = YES;
				IPHONEOS_DEPLOYMENT_TARGET = 11.4;
				MTL_ENABLE_DEBUG_INFO = YES;
				ONLY_ACTIVE_ARCH = YES;
				SDKROOT = iphoneos;
				SWIFT_ACTIVE_COMPILATION_CONDITIONS = DEBUG;
				SWIFT_OPTIMIZATION_LEVEL = "-Onone";
			};
			name = Debug;
		};
		D601909D20CAF9F200A2C237 /* Release */ = {
			isa = XCBuildConfiguration;
			buildSettings = {
				ALWAYS_SEARCH_USER_PATHS = NO;
				CLANG_ANALYZER_NONNULL = YES;
				CLANG_ANALYZER_NUMBER_OBJECT_CONVERSION = YES_AGGRESSIVE;
				CLANG_CXX_LANGUAGE_STANDARD = "gnu++14";
				CLANG_CXX_LIBRARY = "libc++";
				CLANG_ENABLE_MODULES = YES;
				CLANG_ENABLE_OBJC_ARC = YES;
				CLANG_ENABLE_OBJC_WEAK = YES;
				CLANG_WARN_BLOCK_CAPTURE_AUTORELEASING = YES;
				CLANG_WARN_BOOL_CONVERSION = YES;
				CLANG_WARN_COMMA = YES;
				CLANG_WARN_CONSTANT_CONVERSION = YES;
				CLANG_WARN_DEPRECATED_OBJC_IMPLEMENTATIONS = YES;
				CLANG_WARN_DIRECT_OBJC_ISA_USAGE = YES_ERROR;
				CLANG_WARN_DOCUMENTATION_COMMENTS = YES;
				CLANG_WARN_EMPTY_BODY = YES;
				CLANG_WARN_ENUM_CONVERSION = YES;
				CLANG_WARN_INFINITE_RECURSION = YES;
				CLANG_WARN_INT_CONVERSION = YES;
				CLANG_WARN_NON_LITERAL_NULL_CONVERSION = YES;
				CLANG_WARN_OBJC_IMPLICIT_RETAIN_SELF = YES;
				CLANG_WARN_OBJC_LITERAL_CONVERSION = YES;
				CLANG_WARN_OBJC_ROOT_CLASS = YES_ERROR;
				CLANG_WARN_RANGE_LOOP_ANALYSIS = YES;
				CLANG_WARN_STRICT_PROTOTYPES = YES;
				CLANG_WARN_SUSPICIOUS_MOVE = YES;
				CLANG_WARN_UNGUARDED_AVAILABILITY = YES_AGGRESSIVE;
				CLANG_WARN_UNREACHABLE_CODE = YES;
				CLANG_WARN__DUPLICATE_METHOD_MATCH = YES;
				CODE_SIGN_IDENTITY = "iPhone Developer";
				COPY_PHASE_STRIP = NO;
				DEBUG_INFORMATION_FORMAT = "dwarf-with-dsym";
				ENABLE_NS_ASSERTIONS = NO;
				ENABLE_STRICT_OBJC_MSGSEND = YES;
				GCC_C_LANGUAGE_STANDARD = gnu11;
				GCC_NO_COMMON_BLOCKS = YES;
				GCC_WARN_64_TO_32_BIT_CONVERSION = YES;
				GCC_WARN_ABOUT_RETURN_TYPE = YES_ERROR;
				GCC_WARN_UNDECLARED_SELECTOR = YES;
				GCC_WARN_UNINITIALIZED_AUTOS = YES_AGGRESSIVE;
				GCC_WARN_UNUSED_FUNCTION = YES;
				GCC_WARN_UNUSED_VARIABLE = YES;
				IPHONEOS_DEPLOYMENT_TARGET = 11.4;
				MTL_ENABLE_DEBUG_INFO = NO;
				SDKROOT = iphoneos;
				SWIFT_COMPILATION_MODE = wholemodule;
				SWIFT_OPTIMIZATION_LEVEL = "-O";
				VALIDATE_PRODUCT = YES;
			};
			name = Release;
		};
		D601909F20CAF9F200A2C237 /* Debug */ = {
			isa = XCBuildConfiguration;
			buildSettings = {
				ASSETCATALOG_COMPILER_APPICON_NAME = AppIcon;
				CODE_SIGN_STYLE = Automatic;
				DEVELOPMENT_TEAM = YQ39LZP7HR;
				INFOPLIST_FILE = mergeUnion/Info.plist;
				LD_RUNPATH_SEARCH_PATHS = (
					"$(inherited)",
					"@executable_path/Frameworks",
				);
				PRODUCT_BUNDLE_IDENTIFIER = com.hypevr.dev.test.mergeUnion;
				PRODUCT_NAME = "$(TARGET_NAME)";
				SWIFT_VERSION = 4.0;
				TARGETED_DEVICE_FAMILY = "1,2";
			};
			name = Debug;
		};
		D60190A020CAF9F200A2C237 /* Release */ = {
			isa = XCBuildConfiguration;
			buildSettings = {
				ASSETCATALOG_COMPILER_APPICON_NAME = AppIcon;
				CODE_SIGN_STYLE = Automatic;
				DEVELOPMENT_TEAM = YQ39LZP7HR;
				INFOPLIST_FILE = mergeUnion/Info.plist;
				LD_RUNPATH_SEARCH_PATHS = (
					"$(inherited)",
					"@executable_path/Frameworks",
				);
				PRODUCT_BUNDLE_IDENTIFIER = com.hypevr.dev.test.mergeUnion;
				PRODUCT_NAME = "$(TARGET_NAME)";
				SWIFT_VERSION = 4.0;
				TARGETED_DEVICE_FAMILY = "1,2";
			};
			name = Release;
		};
/* End XCBuildConfiguration section */

/* Begin XCConfigurationList section */
		D601908720CAF9EF00A2C237 /* Build configuration list for PBXProject "mergeUnion" */ = {
			isa = XCConfigurationList;
			buildConfigurations = (
				D601909C20CAF9F200A2C237 /* Debug */,
				D601909D20CAF9F200A2C237 /* Release */,
			);
			defaultConfigurationIsVisible = 0;
			defaultConfigurationName = Release;
		};
		D601909E20CAF9F200A2C237 /* Build configuration list for PBXNativeTarget "mergeUnion" */ = {
			isa = XCConfigurationList;
			buildConfigurations = (
				D601909F20CAF9F200A2C237 /* Debug */,
				D60190A020CAF9F200A2C237 /* Release */,
			);
			defaultConfigurationIsVisible = 0;
			defaultConfigurationName = Release;
		};
/* End XCConfigurationList section */
	};
	rootObject = D601908420CAF9EF00A2C237 /* Project object */;
}
